[[package]]
category = "main"
description = "Abseil Python Common Libraries, see https://github.com/abseil/abseil-py."
name = "absl-py"
optional = false
python-versions = "*"
version = "0.7.1"

[package.dependencies]
six = "*"

[[package]]
category = "main"
description = "Read/rewrite/write Python ASTs"
name = "astor"
optional = false
python-versions = ">=2.7, !=3.0.*, !=3.1.*, !=3.2.*, !=3.3.*"
version = "0.8.0"

[[package]]
category = "main"
description = "Python AST that abstracts the underlying Python version"
name = "gast"
optional = false
python-versions = ">=2.7, !=3.0.*, !=3.1.*, !=3.2.*, !=3.3.*"
version = "0.2.2"

[[package]]
category = "main"
description = "pasta is an AST-based Python refactoring library"
name = "google-pasta"
optional = false
python-versions = "*"
version = "0.1.7"

[[package]]
category = "main"
description = "HTTP/2-based RPC framework"
name = "grpcio"
optional = false
python-versions = "*"
version = "1.22.0"

[package.dependencies]
six = ">=1.5.2"

[[package]]
category = "main"
description = "Read and write HDF5 files from Python"
name = "h5py"
optional = false
python-versions = "*"
version = "2.9.0"

[package.dependencies]
numpy = ">=1.7"
six = "*"

[[package]]
category = "main"
description = "Reference implementations of popular deep learning models"
name = "keras-applications"
optional = false
python-versions = "*"
version = "1.0.8"

[package.dependencies]
h5py = "*"
numpy = ">=1.9.1"

[[package]]
category = "main"
description = "Easy data preprocessing and data augmentation for deep learning models"
name = "keras-preprocessing"
optional = false
python-versions = "*"
version = "1.1.0"

[package.dependencies]
numpy = ">=1.9.1"
six = ">=1.9.0"

[[package]]
category = "main"
description = "Python implementation of Markdown."
name = "markdown"
optional = false
python-versions = ">=2.7,!=3.0.*,!=3.1.*,!=3.2.*,!=3.3.*,!=3.4.*"
version = "3.1.1"

[package.dependencies]
setuptools = ">=36"

[[package]]
category = "main"
description = "NumPy is the fundamental package for array computing with Python."
name = "numpy"
optional = false
python-versions = ">=3.5"
version = "1.17.0"

[[package]]
category = "main"
description = "Protocol Buffers"
name = "protobuf"
optional = false
python-versions = "*"
version = "3.9.0"

[package.dependencies]
setuptools = "*"
six = ">=1.9"

[[package]]
category = "main"
description = "Python 2 and 3 compatibility utilities"
name = "six"
optional = false
python-versions = ">=2.6, !=3.0.*, !=3.1.*"
version = "1.12.0"

[[package]]
category = "main"
description = "TensorBoard lets you watch Tensors Flow"
name = "tb-nightly"
optional = false
python-versions = ">= 2.7, != 3.0.*, != 3.1.*"
version = "1.14.0a20190603"

[package.dependencies]
absl-py = ">=0.4"
grpcio = ">=1.6.3"
markdown = ">=2.6.8"
numpy = ">=1.12.0"
protobuf = ">=3.6.0"
setuptools = ">=41.0.0"
six = ">=1.10.0"
werkzeug = ">=0.11.15"

[package.dependencies.wheel]
python = ">=3"
version = ">=0.26"

[[package]]
category = "main"
description = "TensorFlow is an open source machine learning framework for everyone."
name = "tensorflow-gpu"
optional = false
python-versions = "*"
version = "2.0.0b1"

[package.dependencies]
absl-py = ">=0.7.0"
astor = ">=0.6.0"
gast = ">=0.2.0"
google-pasta = ">=0.1.6"
grpcio = ">=1.8.6"
keras-applications = ">=1.0.6"
keras-preprocessing = ">=1.0.5"
numpy = ">=1.14.5,<2.0"
protobuf = ">=3.6.1"
six = ">=1.10.0"
tb-nightly = ">=1.14.0a20190603,<1.14.0a20190604"
termcolor = ">=1.1.0"
tf-estimator-nightly = ">=1.14.0.dev2019060501,<1.14.0.dev2019060502"
wheel = ">=0.26"
wrapt = ">=1.11.1"

[[package]]
category = "main"
description = "ANSII Color formatting for output in terminal."
name = "termcolor"
optional = false
python-versions = "*"
version = "1.1.0"

[[package]]
category = "main"
description = "TensorFlow Estimator."
name = "tf-estimator-nightly"
optional = false
python-versions = "*"
version = "1.14.0.dev2019060501"

[[package]]
category = "main"
description = "The comprehensive WSGI web application library."
name = "werkzeug"
optional = false
python-versions = ">=2.7, !=3.0.*, !=3.1.*, !=3.2.*, !=3.3.*"
version = "0.15.5"

[[package]]
category = "main"
description = "A built-package format for Python."
name = "wheel"
optional = false
python-versions = ">=2.7, !=3.0.*, !=3.1.*, !=3.2.*, !=3.3.*"
version = "0.33.4"

[[package]]
category = "main"
description = "Module for decorators, wrappers and monkey patching."
name = "wrapt"
optional = false
python-versions = "*"
version = "1.11.2"

[metadata]
content-hash = "d8fa91b7a32b013bdac2633014e20f102428b877a8b10155c038a5fcd4136f97"
python-versions = "^3.7"

[metadata.hashes]
absl-py = ["b943d1c567743ed0455878fcd60bc28ac9fae38d129d1ccfad58079da00b8951"]
astor = ["0e41295809baf43ae8303350e031aff81ae52189b6f881f36d623fa8b2f1960e", "37a6eed8b371f1228db08234ed7f6cfdc7817a3ed3824797e20cbb11dc2a7862"]
gast = ["fe939df4583692f0512161ec1c880e0a10e71e6a232da045ab8edd3756fbadf0"]
google-pasta = ["40b4f55ba7b44823eac96d055000572c84ce48cacb3e91c100869844064b2d07", "79d1ce28b381d68e98ef7707d19909adb58912f8dae8734402454424fc76b8fe", "7ca8afc4cfeebf4a079cdf586333d5447cecd19a997475136138fc83c3351bc4"]
grpcio = ["03b78b4e7dcdfe3e257bb528cc93923f9cbbab6d5babf15a60d21e9a4a70b1a2", "1ce0ccfbdfe84387dbcbf44adb4ae16ec7ae70e166ffab478993eb1ea1cba3ce", "22e167a9406d73dd19ffe8ed6a485f17e6eac82505be8c108897f15e68badcbb", "31d0aeca8d8ee2301c62c5c340e0889d653b1280d68f9fa203982cb6337b050e", "44c7f99ca17ebbcc96fc54ed00b454d8313f1eac28c563098d8b901025aff941", "5471444f53f9db6a1f1f11f5dbc173228881df8446380b6b98f90afb8fd8348e", "561bca3b1bde6d6564306eb05848fd155136e9c3a25d2961129b1e2edba22fce", "5bf58e1d2c2f55365c06e8cb5abe067b88ca2e5550fb62009c41df4b54505acf", "6b7163d1e85d76b0815df63fcc310daec02b44532bb433f743142d4febcb181f", "766d79cddad95f5f6020037fe60ea8b98578afdf0c59d5a60c106c1bdd886303", "770b7372d5ca68308ff66d7baee53369fa5ce985f84bcb6aa1948c1f2f7b02f2", "7ab178da777fc0f55b6aef5a755f99726e8e4b75e3903954df07b27059b54fcf", "8078305e77c2f6649d36b24d8778096413e474d9d7892c6f92cfb589c9d71b2e", "85600b63a386d860eeaa955e9335e18dd0d7e5477e9214825abf2c2884488369", "857d9b939ae128be1c0c792eb885c7ff6a386b9dea899ac4b06f4d90a31f9d87", "87a41630c90c179fa5c593400f30a467c498972c702f348d41e19dafeb1d319e", "8805d486c6128cc0fcc8ecf16c4095d99a8693a541ef851429ab334e028a4a97", "8d71b7a89c306a41ccc7741fc9409b14f5b86727455c2a1c0c7cfcb0f784e1f2", "9e1b80bd65f8f160880cb4dad7f55697f6d37b2d7f251fc0c2128e811928f369", "9e290c84a145ae2411ee0ec9913c41cd7500e2e7485fe93632434d84ef4fda67", "9ec9f88b5bc94bd99372f27cdd53af1c92ba06717380b127733b953cfb181174", "a0a02a8b4ba6deadf706d5f849539b3685b72b186a3c9ef5d43e8972ed60fb6f", "a4059c59519f5940e01a071f74ae2a60ea8f6185b03d22a09d40c7959a36b16b", "a6e028c2a6da2ebfa2365a5b32531d311fbfec0e3600fc27e901b64f0ff7e54e", "adcdebf9f8463df4120c427cf6c9aed39258bccd03ed37b6939e7a145d64d6e0", "bdec982610259d07156a58f80b8c3e69be7751a9208bc577b059c5193d087fad", "cefc4d4251ffb73feb303d4b7e9d6c367cb60f2db16d259ea28b114045f965aa", "d4145c8aa6afbac10ad27e408f7ce15992fe89ba5d0b4abca31c0c2729864c03", "da76dc5ad719ee99de5ea28a5629ff92172cbb4a70d8a6ae3a5b7a53c7382ce1", "dde2452c08ef8b6426ccab6b5b6de9f06d836d9937d6870e68153cbf8cb49348", "e3d88091d2539a4868750914a6fe7b9ec50e42b913851fc1b77423b5bd918530", "f9c67cfe6278499d7f83559dc6322a8bbb108e307817a3d7acbfea807b3603cc"]
h5py = ["05750b91640273c69989c657eaac34b091abdd75efc8c4824c82aaf898a2da0a", "082a27208aa3a2286e7272e998e7e225b2a7d4b7821bd840aebf96d50977abbb", "08e2e8297195f9e813e894b6c63f79372582787795bba2014a2db6a2de95f713", "0dd2adeb2e9de5081eb8dcec88874e7fd35dae9a21557be3a55a3c7d491842a4", "0f94de7a10562b991967a66bbe6dda9808e18088676834c0a4dcec3fdd3bcc6f", "106e42e2e01e486a3d32eeb9ba0e3a7f65c12fa8998d63625fa41fb8bdc44cdb", "1606c66015f04719c41a9863c156fc0e6b992150de21c067444bcb82e7d75579", "1854c4beff9961e477e133143c5e5e355dac0b3ebf19c52cf7cc1b1ef757703c", "1e9fb6f1746500ea91a00193ce2361803c70c6b13f10aae9a33ad7b5bd28e800", "2cca17e80ddb151894333377675db90cd0279fa454776e0a4f74308376afd050", "30e365e8408759db3778c361f1e4e0fe8e98a875185ae46c795a85e9bafb9cdf", "3206bac900e16eda81687d787086f4ffd4f3854980d798e191a9868a6510c3ae", "3c23d72058647cee19b30452acc7895621e2de0a0bd5b8a1e34204b9ea9ed43c", "407b5f911a83daa285bbf1ef78a9909ee5957f257d3524b8606be37e8643c5f0", "4162953714a9212d373ac953c10e3329f1e830d3c7473f2a2e4f25dd6241eef0", "5fc7aba72a51b2c80605eba1c50dbf84224dcd206279d30a75c154e5652e1fe4", "713ac19307e11de4d9833af0c4bd6778bde0a3d967cafd2f0f347223711c1e31", "71b946d80ef3c3f12db157d7778b1fe74a517ca85e94809358b15580983c2ce2", "8cc4aed71e20d87e0a6f02094d718a95252f11f8ed143bc112d22167f08d4040", "9d41ca62daf36d6b6515ab8765e4c8c4388ee18e2a665701fef2b41563821002", "a744e13b000f234cd5a5b2a1f95816b819027c57f385da54ad2b7da1adace2f3", "b087ee01396c4b34e9dc41e3a6a0442158206d383c19c7d0396d52067b17c1cb", "b0f03af381d33306ce67d18275b61acb4ca111ced645381387a02c8a5ee1b796", "b9e4b8dfd587365bdd719ae178fa1b6c1231f81280b1375eef8626dfd8761bf3", "c5dd4ec75985b99166c045909e10f0534704d102848b1d9f0992720e908928e7", "d2b82f23cd862a9d05108fe99967e9edfa95c136f532a71cb3d28dc252771f50", "e58a25764472af07b7e1c4b10b0179c8ea726446c7141076286e41891bf3a563", "f3b49107fbfc77333fc2b1ef4d5de2abcd57e7ea3a1482455229494cf2da56ce"]
keras-applications = ["5579f9a12bcde9748f4a12233925a59b93b73ae6947409ff34aa2ba258189fe5", "df4323692b8c1174af821bf906f1e442e63fa7589bf0f1230a0b6bdc5a810c95"]
keras-preprocessing = ["44aee5f2c4d80c3b29f208359fcb336df80f293a0bb6b1c738da43ca206656fb", "5a8debe01d840de93d49e05ccf1c9b81ae30e210d34dacbcc47aeb3049b528e5"]
markdown = ["2e50876bcdd74517e7b71f3e7a76102050edec255b3983403f1a63e7c8a41e7a", "56a46ac655704b91e5b7e6326ce43d5ef72411376588afa1dd90e881b83c7e8c"]
numpy = ["03e311b0a4c9f5755da7d52161280c6a78406c7be5c5cc7facfbcebb641efb7e", "0cdd229a53d2720d21175012ab0599665f8c9588b3b8ffa6095dd7b90f0691dd", "312bb18e95218bedc3563f26fcc9c1c6bfaaf9d453d15942c0839acdd7e4c473", "464b1c48baf49e8505b1bb754c47a013d2c305c5b14269b5c85ea0625b6a988a", "5adfde7bd3ee4864536e230bcab1c673f866736698724d5d28c11a4d63672658", "7724e9e31ee72389d522b88c0d4201f24edc34277999701ccd4a5392e7d8af61", "8d36f7c53ae741e23f54793ffefb2912340b800476eb0a831c6eb602e204c5c4", "910d2272403c2ea8a52d9159827dc9f7c27fb4b263749dca884e2e4a8af3b302", "951fefe2fb73f84c620bec4e001e80a80ddaa1b84dce244ded7f1e0cbe0ed34a", "9588c6b4157f493edeb9378788dcd02cb9e6a6aeaa518b511a1c79d06cbd8094", "9ce8300950f2f1d29d0e49c28ebfff0d2f1e2a7444830fbb0b913c7c08f31511", "be39cca66cc6806652da97103605c7b65ee4442c638f04ff064a7efd9a81d50a", "c3ab2d835b95ccb59d11dfcd56eb0480daea57cdf95d686d22eff35584bc4554", "eb0fc4a492cb896346c9e2c7a22eae3e766d407df3eb20f4ce027f23f76e4c54", "ec0c56eae6cee6299f41e780a0280318a93db519bbb2906103c43f3e2be1206c", "f4e4612de60a4f1c4d06c8c2857cdcb2b8b5289189a12053f37d3f41f06c60d0"]
protobuf = ["05c36022fef3c7d3562ac22402965c0c2b9fe8421f459bb377323598996e407f", "139b7eadcca0a861d60b523cb37d9475505e0dfb07972436b15407c2b968d87e", "15f683006cb77fb849b1f561e509b03dd2b7dcc749086b8dd1831090d0ba4740", "2ad566b7b7cdd8717c7af1825e19f09e8fef2787b77fcb979588944657679604", "35cfcf97642ef62108e10a9431c77733ec7eaab8e32fe4653de20403429907cb", "387822859ecdd012fdc25ec879f7f487da6e1d5b1ae6115e227e6be208836f71", "4df14cbe1e7134afcfdbb9f058949e31c466de27d9b2f7fb4da9e0b67231b538", "586c4ca37a7146d4822c700059f150ac3445ce0aef6f3ea258640838bb892dc2", "58b11e530e954d29ab3180c48dc558a409f705bf16739fd4e0d3e07924ad7add", "63c8c98ccb8c95f41c18fb829aeeab21c6249adee4ed75354125bdc44488f30e", "72edcbacd0c73eef507d2ff1af99a6c27df18e66a3ff4351e401182e4de62b03", "83dc8a561b3b954fd7002c690bb83278b8d1742a1e28abba9aaef28b0c8b437d", "913171ecc84c2726b86574e40549a0ea619d569657c5a5ff782a3be7d81401a5", "aabb7c741d3416671c3e6fe7c52970a226e6a8274417a97d7d795f953fadef36", "b3452bbda12b1cbe2187d416779de07b2ab4c497d83a050e43c344778763721d", "c5d5b8d4a9212338297fa1fa44589f69b470c0ba1d38168b432d577176b386a8", "d86ee389c2c4fc3cebabb8ce83a8e97b6b3b5dc727b7419c1ccdc7b6e545a233", "df82a0a3494fa2100c6f94aacaa8a618281dc3535f410f3decce941aea400a50", "f2db8c754de788ab8be5e108e1e967c774c0942342b4f8aaaf14063889a6cfdc"]
six = ["3350809f0555b11f552448330d0b52d5f24c91a322ea4a15ef22629740f3761c", "d16a0141ec1a18405cd4ce8b4613101da75da0e9a7aec5bdd4fa804d0e0eba73"]
tb-nightly = ["60c159328310a56de128e89660dd3bd019583a5bb8e9c40d16e29d374ecaa7ce", "8dc02a7ccc1ddbf6b471874aa378500fd888b442b0de08daa10ac0bad4971007"]
tensorflow-gpu = ["0c8ced99e74f10c66604fa61e40cb8cfbc073e89eb95c061626d3535958142b5", "0e99c8d09b85f7ab5b9006f3065a705aec75ed8375c9c3f8ab743ba19e461666", "7785f1dd37a2f657d95e5a1f885789d38cd369b53c736dd0353c5446fbede8f9", "8ad4488117a804d8ac5904b54149142e50b6ed6d50f5ffcf95dd6c165b046764", "a456313801278c170cb850e7ef92658dd6201bf57876998a0ab493ea463dba33", "a45d1749ca20bc2cb3431e85f4c7b623f68d1e08a00c56fb98b6a3d0410401dd", "b091c93d85f73f6a95be1a2dc63ace6e8e74039f637828981a99949d6b3ab553", "b1c5de846810e14902c73422a2a52896c4bd3391b2c9e3fc4f4fe067f3746f01", "e8f4235b66ec25b96ae162ab9022943a07f7997141331df51bf582bf3e0ca7d1"]
termcolor = ["1d6d69ce66211143803fbc56652b41d73b4a400a2891d7bf7a1cdf4c02de613b"]
tf-estimator-nightly = ["99818ef0c70c23ce6417085c960ca2d275db9bd248abeb63da1b4f138aa00cf0"]
werkzeug = ["87ae4e5b5366da2347eb3116c0e6c681a0e939a33b2805e2c0cbd282664932c4", "a13b74dd3c45f758d4ebdb224be8f1ab8ef58b3c0ffc1783a8c7d9f4f50227e6"]
wheel = ["5e79117472686ac0c4aef5bad5172ea73a1c2d1646b808c35926bd26bdfb0c08", "62fcfa03d45b5b722539ccbc07b190e4bfff4bb9e3a4d470dd9f6a0981002565"]
wrapt = ["565a021fd19419476b9362b05eeaa094178de64f8361e44468f9e9d7843901e1"]
